
Microsoft Visual Studio Solution File, Format Version 12.00
# Visual Studio Version 16
VisualStudioVersion = 16.0.30907.101
MinimumVisualStudioVersion = 10.0.40219.1
Project("{FAE04EC0-301F-11D3-BF4B-00C04F79EFBC}") = "Get and Set", "Get and Set\Get and Set.csproj", "{D6E7D002-7CA0-46AF-A5C6-AC0276CB8107}"
EndProject
Global
	GlobalSection(SolutionConfigurationPlatforms) = preSolution
		Debug|Any CPU = Debug|Any CPU
		Release|Any CPU = Release|Any CPU
	EndGlobalSection
	GlobalSection(ProjectConfigurationPlatforms) = postSolution
		{D6E7D002-7CA0-46AF-A5C6-AC0276CB8107}.Debug|Any CPU.ActiveCfg = Debug|Any CPU
		{D6E7D002-7CA0-46AF-A5C6-AC0276CB8107}.Debug|Any CPU.Build.0 = Debug|Any CPU
		{D6E7D002-7CA0-46AF-A5C6-AC0276CB8107}.Release|Any CPU.ActiveCfg = Release|Any CPU
		{D6E7D002-7CA0-46AF-A5C6-AC0276CB8107}.Release|Any CPU.Build.0 = Release|Any CPU
	EndGlobalSection
	GlobalSection(SolutionProperties) = preSolution
		HideSolutionNode = FALSE
	EndGlobalSection
	GlobalSection(ExtensibilityGlobals) = postSolution
		SolutionGuid = {AB4127A1-574B-4875-BDF2-DBF206E8F15B}
	EndGlobalSection
EndGlobal
